// !$*UTF8*$!
{
	archiveVersion = 1;
	classes = {
	};
	objectVersion = 50;
	objects = {

/* Begin PBXBuildFile section */
		14455B22269CD061007BBCC7 /* AppDelegate.swift in Sources */ = {isa = PBXBuildFile; fileRef = 14455B21269CD061007BBCC7 /* AppDelegate.swift */; };
		14455B24269CD061007BBCC7 /* SceneDelegate.swift in Sources */ = {isa = PBXBuildFile; fileRef = 14455B23269CD061007BBCC7 /* SceneDelegate.swift */; };
		14455B26269CD061007BBCC7 /* TodoListVewController.swift in Sources */ = {isa = PBXBuildFile; fileRef = 14455B25269CD061007BBCC7 /* TodoListVewController.swift */; };
		14455B29269CD061007BBCC7 /* Main.storyboard in Resources */ = {isa = PBXBuildFile; fileRef = 14455B27269CD061007BBCC7 /* Main.storyboard */; };
		14455B2C269CD061007BBCC7 /* core_date_final.xcdatamodeld in Sources */ = {isa = PBXBuildFile; fileRef = 14455B2A269CD061007BBCC7 /* core_date_final.xcdatamodeld */; };
		14455B2E269CD062007BBCC7 /* Assets.xcassets in Resources */ = {isa = PBXBuildFile; fileRef = 14455B2D269CD062007BBCC7 /* Assets.xcassets */; };
		14455B31269CD062007BBCC7 /* LaunchScreen.storyboard in Resources */ = {isa = PBXBuildFile; fileRef = 14455B2F269CD062007BBCC7 /* LaunchScreen.storyboard */; };
/* End PBXBuildFile section */

/* Begin PBXFileReference section */
		14455B1E269CD061007BBCC7 /* core_date_final.app */ = {isa = PBXFileReference; explicitFileType = wrapper.application; includeInIndex = 0; path = core_date_final.app; sourceTree = BUILT_PRODUCTS_DIR; };
		14455B21269CD061007BBCC7 /* AppDelegate.swift */ = {isa = PBXFileReference; lastKnownFileType = sourcecode.swift; path = AppDelegate.swift; sourceTree = "<group>"; };
		14455B23269CD061007BBCC7 /* SceneDelegate.swift */ = {isa = PBXFileReference; lastKnownFileType = sourcecode.swift; path = SceneDelegate.swift; sourceTree = "<group>"; };
		14455B25269CD061007BBCC7 /* TodoListVewController.swift */ = {isa = PBXFileReference; lastKnownFileType = sourcecode.swift; path = TodoListVewController.swift; sourceTree = "<group>"; };
		14455B28269CD061007BBCC7 /* Base */ = {isa = PBXFileReference; lastKnownFileType = file.storyboard; name = Base; path = Base.lproj/Main.storyboard; sourceTree = "<group>"; };
		14455B2B269CD061007BBCC7 /* core_date_final.xcdatamodel */ = {isa = PBXFileReference; lastKnownFileType = wrapper.xcdatamodel; path = core_date_final.xcdatamodel; sourceTree = "<group>"; };
		14455B2D269CD062007BBCC7 /* Assets.xcassets */ = {isa = PBXFileReference; lastKnownFileType = folder.assetcatalog; path = Assets.xcassets; sourceTree = "<group>"; };
		14455B30269CD062007BBCC7 /* Base */ = {isa = PBXFileReference; lastKnownFileType = file.storyboard; name = Base; path = Base.lproj/LaunchScreen.storyboard; sourceTree = "<group>"; };
		14455B32269CD062007BBCC7 /* Info.plist */ = {isa = PBXFileReference; lastKnownFileType = text.plist.xml; path = Info.plist; sourceTree = "<group>"; };
/* End PBXFileReference section */

/* Begin PBXFrameworksBuildPhase section */
		14455B1B269CD061007BBCC7 /* Frameworks */ = {
			isa = PBXFrameworksBuildPhase;
			buildActionMask = 2147483647;
			files = (
			);
			runOnlyForDeploymentPostprocessing = 0;
		};
/* End PBXFrameworksBuildPhase section */

/* Begin PBXGroup section */
		14455B15269CD061007BBCC7 = {
			isa = PBXGroup;
			children = (
				14455B20269CD061007BBCC7 /* core_date_final */,
				14455B1F269CD061007BBCC7 /* Products */,
			);
			sourceTree = "<group>";
		};
		14455B1F269CD061007BBCC7 /* Products */ = {
			isa = PBXGroup;
			children = (
				14455B1E269CD061007BBCC7 /* core_date_final.app */,
			);
			name = Products;
			sourceTree = "<group>";
		};
		14455B20269CD061007BBCC7 /* core_date_final */ = {
			isa = PBXGroup;
			children = (
				14455B21269CD061007BBCC7 /* AppDelegate.swift */,
				14455B23269CD061007BBCC7 /* SceneDelegate.swift */,
				14455B25269CD061007BBCC7 /* TodoListVewController.swift */,
				14455B27269CD061007BBCC7 /* Main.storyboard */,
				14455B2D269CD062007BBCC7 /* Assets.xcassets */,
				14455B2F269CD062007BBCC7 /* LaunchScreen.storyboard */,
				14455B32269CD062007BBCC7 /* Info.plist */,
				14455B2A269CD061007BBCC7 /* core_date_final.xcdatamodeld */,
			);
			path = core_date_final;
			sourceTree = "<group>";
		};
/* End PBXGroup section */

/* Begin PBXNativeTarget section */
		14455B1D269CD061007BBCC7 /* core_date_final */ = {
			isa = PBXNativeTarget;
			buildConfigurationList = 14455B35269CD062007BBCC7 /* Build configuration list for PBXNativeTarget "core_date_final" */;
			buildPhases = (
				14455B1A269CD061007BBCC7 /* Sources */,
				14455B1B269CD061007BBCC7 /* Frameworks */,
				14455B1C269CD061007BBCC7 /* Resources */,
			);
			buildRules = (
			);
			dependencies = (
			);
			name = core_date_final;
			productName = core_date_final;
			productReference = 14455B1E269CD061007BBCC7 /* core_date_final.app */;
			productType = "com.apple.product-type.application";
		};
/* End PBXNativeTarget section */

/* Begin PBXProject section */
		14455B16269CD061007BBCC7 /* Project object */ = {
			isa = PBXProject;
			attributes = {
				LastSwiftUpdateCheck = 1250;
				LastUpgradeCheck = 1250;
				TargetAttributes = {
					14455B1D269CD061007BBCC7 = {
						CreatedOnToolsVersion = 12.5.1;
					};
				};
			};
			buildConfigurationList = 14455B19269CD061007BBCC7 /* Build configuration list for PBXProject "core_date_final" */;
			compatibilityVersion = "Xcode 9.3";
			developmentRegion = en;
			hasScannedForEncodings = 0;
			knownRegions = (
				en,
				Base,
			);
			mainGroup = 14455B15269CD061007BBCC7;
			productRefGroup = 14455B1F269CD061007BBCC7 /* Products */;
			projectDirPath = "";
			projectRoot = "";
			targets = (
				14455B1D269CD061007BBCC7 /* core_date_final */,
			);
		};
/* End PBXProject section */

/* Begin PBXResourcesBuildPhase section */
		14455B1C269CD061007BBCC7 /* Resources */ = {
			isa = PBXResourcesBuildPhase;
			buildActionMask = 2147483647;
			files = (
				14455B31269CD062007BBCC7 /* LaunchScreen.storyboard in Resources */,
				14455B2E269CD062007BBCC7 /* Assets.xcassets in Resources */,
				14455B29269CD061007BBCC7 /* Main.storyboard in Resources */,
			);
			runOnlyForDeploymentPostprocessing = 0;
		};
/* End PBXResourcesBuildPhase section */

/* Begin PBXSourcesBuildPhase section */
		14455B1A269CD061007BBCC7 /* Sources */ = {
			isa = PBXSourcesBuildPhase;
			buildActionMask = 2147483647;
			files = (
				14455B26269CD061007BBCC7 /* TodoListVewController.swift in Sources */,
				14455B22269CD061007BBCC7 /* AppDelegate.swift in Sources */,
				14455B24269CD061007BBCC7 /* SceneDelegate.swift in Sources */,
				14455B2C269CD061007BBCC7 /* core_date_final.xcdatamodeld in Sources */,
			);
			runOnlyForDeploymentPostprocessing = 0;
		};
/* End PBXSourcesBuildPhase section */

/* Begin PBXVariantGroup section */
		14455B27269CD061007BBCC7 /* Main.storyboard */ = {
			isa = PBXVariantGroup;
			children = (
				14455B28269CD061007BBCC7 /* Base */,
			);
			name = Main.storyboard;
			sourceTree = "<group>";
		};
		14455B2F269CD062007BBCC7 /* LaunchScreen.storyboard */ = {
			isa = PBXVariantGroup;
			children = (
				14455B30269CD062007BBCC7 /* Base */,
			);
			name = LaunchScreen.storyboard;
			sourceTree = "<group>";
		};
/* End PBXVariantGroup section */

/* Begin XCBuildConfiguration section */
		14455B33269CD062007BBCC7 /* Debug */ = {
			isa = XCBuildConfiguration;
			buildSettings = {
				ALWAYS_SEARCH_USER_PATHS = NO;
				CLANG_ANALYZER_NONNULL = YES;
				CLANG_ANALYZER_NUMBER_OBJECT_CONVERSION = YES_AGGRESSIVE;
				CLANG_CXX_LANGUAGE_STANDARD = "gnu++14";
				CLANG_CXX_LIBRARY = "libc++";
				CLANG_ENABLE_MODULES = YES;
				CLANG_ENABLE_OBJC_ARC = YES;
				CLANG_ENABLE_OBJC_WEAK = YES;
				CLANG_WARN_BLOCK_CAPTURE_AUTORELEASING = YES;
				CLANG_WARN_BOOL_CONVERSION = YES;
				CLANG_WARN_COMMA = YES;
				CLANG_WARN_CONSTANT_CONVERSION = YES;
				CLANG_WARN_DEPRECATED_OBJC_IMPLEMENTATIONS = YES;
				CLANG_WARN_DIRECT_OBJC_ISA_USAGE = YES_ERROR;
				CLANG_WARN_DOCUMENTATION_COMMENTS = YES;
				CLANG_WARN_EMPTY_BODY = YES;
				CLANG_WARN_ENUM_CONVERSION = YES;
				CLANG_WARN_INFINITE_RECURSION = YES;
				CLANG_WARN_INT_CONVERSION = YES;
				CLANG_WARN_NON_LITERAL_NULL_CONVERSION = YES;
				CLANG_WARN_OBJC_IMPLICIT_RETAIN_SELF = YES;
				CLANG_WARN_OBJC_LITERAL_CONVERSION = YES;
				CLANG_WARN_OBJC_ROOT_CLASS = YES_ERROR;
				CLANG_WARN_QUOTED_INCLUDE_IN_FRAMEWORK_HEADER = YES;
				CLANG_WARN_RANGE_LOOP_ANALYSIS = YES;
				CLANG_WARN_STRICT_PROTOTYPES = YES;
				CLANG_WARN_SUSPICIOUS_MOVE = YES;
				CLANG_WARN_UNGUARDED_AVAILABILITY = YES_AGGRESSIVE;
				CLANG_WARN_UNREACHABLE_CODE = YES;
				CLANG_WARN__DUPLICATE_METHOD_MATCH = YES;
				COPY_PHASE_STRIP = NO;
				DEBUG_INFORMATION_FORMAT = dwarf;
				ENABLE_STRICT_OBJC_MSGSEND = YES;
				ENABLE_TESTABILITY = YES;
				GCC_C_LANGUAGE_STANDARD = gnu11;
				GCC_DYNAMIC_NO_PIC = NO;
				GCC_NO_COMMON_BLOCKS = YES;
				GCC_OPTIMIZATION_LEVEL = 0;
				GCC_PREPROCESSOR_DEFINITIONS = (
					"DEBUG=1",
					"$(inherited)",
				);
				GCC_WARN_64_TO_32_BIT_CONVERSION = YES;
				GCC_WARN_ABOUT_RETURN_TYPE = YES_ERROR;
				GCC_WARN_UNDECLARED_SELECTOR = YES;
				GCC_WARN_UNINITIALIZED_AUTOS = YES_AGGRESSIVE;
				GCC_WARN_UNUSED_FUNCTION = YES;
				GCC_WARN_UNUSED_VARIABLE = YES;
				IPHONEOS_DEPLOYMENT_TARGET = 14.5;
				MTL_ENABLE_DEBUG_INFO = INCLUDE_SOURCE;
				MTL_FAST_MATH = YES;
				ONLY_ACTIVE_ARCH = YES;
				SDKROOT = iphoneos;
				SWIFT_ACTIVE_COMPILATION_CONDITIONS = DEBUG;
				SWIFT_OPTIMIZATION_LEVEL = "-Onone";
			};
			name = Debug;
		};
		14455B34269CD062007BBCC7 /* Release */ = {
			isa = XCBuildConfiguration;
			buildSettings = {
				ALWAYS_SEARCH_USER_PATHS = NO;
				CLANG_ANALYZER_NONNULL = YES;
				CLANG_ANALYZER_NUMBER_OBJECT_CONVERSION = YES_AGGRESSIVE;
				CLANG_CXX_LANGUAGE_STANDARD = "gnu++14";
				CLANG_CXX_LIBRARY = "libc++";
				CLANG_ENABLE_MODULES = YES;
				CLANG_ENABLE_OBJC_ARC = YES;
				CLANG_ENABLE_OBJC_WEAK = YES;
				CLANG_WARN_BLOCK_CAPTURE_AUTORELEASING = YES;
				CLANG_WARN_BOOL_CONVERSION = YES;
				CLANG_WARN_COMMA = YES;
				CLANG_WARN_CONSTANT_CONVERSION = YES;
				CLANG_WARN_DEPRECATED_OBJC_IMPLEMENTATIONS = YES;
				CLANG_WARN_DIRECT_OBJC_ISA_USAGE = YES_ERROR;
				CLANG_WARN_DOCUMENTATION_COMMENTS = YES;
				CLANG_WARN_EMPTY_BODY = YES;
				CLANG_WARN_ENUM_CONVERSION = YES;
				CLANG_WARN_INFINITE_RECURSION = YES;
				CLANG_WARN_INT_CONVERSION = YES;
				CLANG_WARN_NON_LITERAL_NULL_CONVERSION = YES;
				CLANG_WARN_OBJC_IMPLICIT_RETAIN_SELF = YES;
				CLANG_WARN_OBJC_LITERAL_CONVERSION = YES;
				CLANG_WARN_OBJC_ROOT_CLASS = YES_ERROR;
				CLANG_WARN_QUOTED_INCLUDE_IN_FRAMEWORK_HEADER = YES;
				CLANG_WARN_RANGE_LOOP_ANALYSIS = YES;
				CLANG_WARN_STRICT_PROTOTYPES = YES;
				CLANG_WARN_SUSPICIOUS_MOVE = YES;
				CLANG_WARN_UNGUARDED_AVAILABILITY = YES_AGGRESSIVE;
				CLANG_WARN_UNREACHABLE_CODE = YES;
				CLANG_WARN__DUPLICATE_METHOD_MATCH = YES;
				COPY_PHASE_STRIP = NO;
				DEBUG_INFORMATION_FORMAT = "dwarf-with-dsym";
				ENABLE_NS_ASSERTIONS = NO;
				ENABLE_STRICT_OBJC_MSGSEND = YES;
				GCC_C_LANGUAGE_STANDARD = gnu11;
				GCC_NO_COMMON_BLOCKS = YES;
				GCC_WARN_64_TO_32_BIT_CONVERSION = YES;
				GCC_WARN_ABOUT_RETURN_TYPE = YES_ERROR;
				GCC_WARN_UNDECLARED_SELECTOR = YES;
				GCC_WARN_UNINITIALIZED_AUTOS = YES_AGGRESSIVE;
				GCC_WARN_UNUSED_FUNCTION = YES;
				GCC_WARN_UNUSED_VARIABLE = YES;
				IPHONEOS_DEPLOYMENT_TARGET = 14.5;
				MTL_ENABLE_DEBUG_INFO = NO;
				MTL_FAST_MATH = YES;
				SDKROOT = iphoneos;
				SWIFT_COMPILATION_MODE = wholemodule;
				SWIFT_OPTIMIZATION_LEVEL = "-O";
				VALIDATE_PRODUCT = YES;
			};
			name = Release;
		};
		14455B36269CD062007BBCC7 /* Debug */ = {
			isa = XCBuildConfiguration;
			buildSettings = {
				ASSETCATALOG_COMPILER_APPICON_NAME = AppIcon;
				ASSETCATALOG_COMPILER_GLOBAL_ACCENT_COLOR_NAME = AccentColor;
				CODE_SIGN_STYLE = Automatic;
				DEVELOPMENT_TEAM = CA6PY2LF2K;
				INFOPLIST_FILE = core_date_final/Info.plist;
				LD_RUNPATH_SEARCH_PATHS = (
					"$(inherited)",
					"@executable_path/Frameworks",
				);
				PRODUCT_BUNDLE_IDENTIFIER = "com.yxinghang.core-date-final";
				PRODUCT_NAME = "$(TARGET_NAME)";
				SWIFT_VERSION = 5.0;
				TARGETED_DEVICE_FAMILY = "1,2";
			};
			name = Debug;
		};
		14455B37269CD062007BBCC7 /* Release */ = {
			isa = XCBuildConfiguration;
			buildSettings = {
				ASSETCATALOG_COMPILER_APPICON_NAME = AppIcon;
				ASSETCATALOG_COMPILER_GLOBAL_ACCENT_COLOR_NAME = AccentColor;
				CODE_SIGN_STYLE = Automatic;
				DEVELOPMENT_TEAM = CA6PY2LF2K;
				INFOPLIST_FILE = core_date_final/Info.plist;
				LD_RUNPATH_SEARCH_PATHS = (
					"$(inherited)",
					"@executable_path/Frameworks",
				);
				PRODUCT_BUNDLE_IDENTIFIER = "com.yxinghang.core-date-final";
				PRODUCT_NAME = "$(TARGET_NAME)";
				SWIFT_VERSION = 5.0;
				TARGETED_DEVICE_FAMILY = "1,2";
			};
			name = Release;
		};
/* End XCBuildConfiguration section */

/* Begin XCConfigurationList section */
		14455B19269CD061007BBCC7 /* Build configuration list for PBXProject "core_date_final" */ = {
			isa = XCConfigurationList;
			buildConfigurations = (
				14455B33269CD062007BBCC7 /* Debug */,
				14455B34269CD062007BBCC7 /* Release */,
			);
			defaultConfigurationIsVisible = 0;
			defaultConfigurationName = Release;
		};
		14455B35269CD062007BBCC7 /* Build configuration list for PBXNativeTarget "core_date_final" */ = {
			isa = XCConfigurationList;
			buildConfigurations = (
				14455B36269CD062007BBCC7 /* Debug */,
				14455B37269CD062007BBCC7 /* Release */,
			);
			defaultConfigurationIsVisible = 0;
			defaultConfigurationName = Release;
		};
/* End XCConfigurationList section */

/* Begin XCVersionGroup section */
		14455B2A269CD061007BBCC7 /* core_date_final.xcdatamodeld */ = {
			isa = XCVersionGroup;
			children = (
				14455B2B269CD061007BBCC7 /* core_date_final.xcdatamodel */,
			);
			currentVersion = 14455B2B269CD061007BBCC7 /* core_date_final.xcdatamodel */;
			path = core_date_final.xcdatamodeld;
			sourceTree = "<group>";
			versionGroupType = wrapper.xcdatamodel;
		};
/* End XCVersionGroup section */
	};
	rootObject = 14455B16269CD061007BBCC7 /* Project object */;
}
